{
  "nodes": {
    "agenix": {
      "inputs": {
        "darwin": "darwin",
        "home-manager": "home-manager",
        "nixpkgs": [
          "nixpkgs"
        ],
        "systems": "systems"
      },
      "locked": {
        "lastModified": 1762618334,
        "narHash": "sha256-wyT7Pl6tMFbFrs8Lk/TlEs81N6L+VSybPfiIgzU8lbQ=",
        "owner": "ryantm",
        "repo": "agenix",
        "rev": "fcdea223397448d35d9b31f798479227e80183f6",
        "type": "github"
      },
      "original": {
        "owner": "ryantm",
        "repo": "agenix",
        "type": "github"
      }
    },
    "darwin": {
      "inputs": {
        "nixpkgs": [
          "agenix",
          "nixpkgs"
        ]
      },
      "locked": {
        "lastModified": 1744478979,
        "narHash": "sha256-dyN+teG9G82G+m+PX/aSAagkC+vUv0SgUw3XkPhQodQ=",
        "owner": "lnl7",
        "repo": "nix-darwin",
        "rev": "43975d782b418ebf4969e9ccba82466728c2851b",
        "type": "github"
      },
      "original": {
        "owner": "lnl7",
        "ref": "master",
        "repo": "nix-darwin",
        "type": "github"
      }
    },
    "darwin_2": {
      "inputs": {
        "nixpkgs": [
          "nixpkgs"
        ]
      },
      "locked": {
        "lastModified": 1767718503,
        "narHash": "sha256-V+VkFs0aSG0ca8p/N3gib7FAf4cq9jyr5Gm+ZBrHQpo=",
        "owner": "LnL7",
        "repo": "nix-darwin",
        "rev": "9f48ffaca1f44b3e590976b4da8666a9e86e6eb1",
        "type": "github"
      },
      "original": {
        "owner": "LnL7",
        "ref": "master",
        "repo": "nix-darwin",
        "type": "github"
      }
    },
    "fenix": {
      "inputs": {
        "nixpkgs": [
          "nixpkgs"
        ],
        "rust-analyzer-src": "rust-analyzer-src"
      },
      "locked": {
        "lastModified": 1768113825,
        "narHash": "sha256-f09fAifGPEuRrz1DFY910jexq0DaBuQBbq7WcxQIUgs=",
        "owner": "nix-community",
        "repo": "fenix",
        "rev": "55106e04d905c6a7726d0f6be77ed39a99f66a61",
        "type": "github"
      },
      "original": {
        "owner": "nix-community",
        "repo": "fenix",
        "type": "github"
      }
    },
    "flake-utils": {
      "inputs": {
        "systems": "systems_2"
      },
      "locked": {
        "lastModified": 1731533236,
        "narHash": "sha256-l0KFg5HjrsfsO/JpG+r7fRrqm12kzFHyUHqHCVpMMbI=",
        "owner": "numtide",
        "repo": "flake-utils",
        "rev": "11707dc2f618dd54ca8739b309ec4fc024de578b",
        "type": "github"
      },
      "original": {
        "owner": "numtide",
        "repo": "flake-utils",
        "type": "github"
      }
    },
    "fzf-vim": {
      "flake": false,
      "locked": {
        "lastModified": 1765237753,
        "narHash": "sha256-mlif2Y53XAVt7CaJzX6eaxhW9S6ZuhndrSPe9x54wx4=",
        "owner": "junegunn",
        "repo": "fzf.vim",
        "rev": "ddc14a6a5471147e2a38e6b32a7268282f669b0a",
        "type": "github"
      },
      "original": {
        "owner": "junegunn",
        "repo": "fzf.vim",
        "type": "github"
      }
    },
    "home-manager": {
      "inputs": {
        "nixpkgs": [
          "agenix",
          "nixpkgs"
        ]
      },
      "locked": {
        "lastModified": 1745494811,
        "narHash": "sha256-YZCh2o9Ua1n9uCvrvi5pRxtuVNml8X2a03qIFfRKpFs=",
        "owner": "nix-community",
        "repo": "home-manager",
        "rev": "abfad3d2958c9e6300a883bd443512c55dfeb1be",
        "type": "github"
      },
      "original": {
        "owner": "nix-community",
        "repo": "home-manager",
        "type": "github"
      }
    },
    "home-manager_2": {
      "inputs": {
        "nixpkgs": [
          "nixpkgs"
        ]
      },
      "locked": {
        "lastModified": 1768068402,
        "narHash": "sha256-bAXnnJZKJiF7Xr6eNW6+PhBf1lg2P1aFUO9+xgWkXfA=",
        "owner": "nix-community",
        "repo": "home-manager",
        "rev": "8bc5473b6bc2b6e1529a9c4040411e1199c43b4c",
        "type": "github"
      },
      "original": {
        "owner": "nix-community",
        "ref": "master",
        "repo": "home-manager",
        "type": "github"
      }
    },
    "kubectl-snack": {
      "flake": false,
      "locked": {
        "lastModified": 1766983297,
        "narHash": "sha256-Gml/vHhyYKusgADn1xx/I9L4MvdDO98bsqgWYOOB8A4=",
        "ref": "refs/heads/main",
        "rev": "eaff54c7f5657750b7b5a33fdcaccb976f194fff",
        "revCount": 20,
        "type": "git",
        "url": "ssh://git@github.com/devsisters/kubectl-snack.git"
      },
      "original": {
        "type": "git",
        "url": "ssh://git@github.com/devsisters/kubectl-snack.git"
      }
    },
    "nix-vscode-extensions": {
      "inputs": {
        "nixpkgs": [
          "nixpkgs"
        ]
      },
      "locked": {
        "lastModified": 1768123067,
        "narHash": "sha256-71CGuJL3sfJImTxYW/JvdV9ZlFM2TOBlm1K5KmS0vIY=",
        "owner": "nix-community",
        "repo": "nix-vscode-extensions",
        "rev": "fbbb703a4b0f54feb18364274f947e45bf1b6292",
        "type": "github"
      },
      "original": {
        "owner": "nix-community",
        "repo": "nix-vscode-extensions",
        "type": "github"
      }
    },
    "nixpkgs": {
      "locked": {
        "lastModified": 1767892417,
        "narHash": "sha256-dhhvQY67aboBk8b0/u0XB6vwHdgbROZT3fJAjyNh5Ww=",
        "owner": "NixOS",
        "repo": "nixpkgs",
        "rev": "3497aa5c9457a9d88d71fa93a4a8368816fbeeba",
        "type": "github"
      },
      "original": {
        "owner": "NixOS",
        "ref": "nixos-unstable",
        "repo": "nixpkgs",
        "type": "github"
      }
    },
    "nixpkgs-master": {
      "locked": {
        "lastModified": 1768057493,
        "narHash": "sha256-e+jO6wumY8U8PPV99t9cW0whQGGLFsejflgcdDNY03E=",
        "owner": "NixOS",
        "repo": "nixpkgs",
        "rev": "1a0803015ec0eca8d420234c2c918af3bc7059a0",
        "type": "github"
      },
      "original": {
        "owner": "NixOS",
        "ref": "master",
        "repo": "nixpkgs",
        "type": "github"
      }
    },
    "root": {
      "inputs": {
        "agenix": "agenix",
        "darwin": "darwin_2",
        "fenix": "fenix",
        "fzf-vim": "fzf-vim",
        "home-manager": "home-manager_2",
        "kubectl-snack": "kubectl-snack",
        "nix-vscode-extensions": "nix-vscode-extensions",
        "nixpkgs": "nixpkgs",
        "nixpkgs-master": "nixpkgs-master",
        "saml2aws": "saml2aws",
        "vim-commentary": "vim-commentary",
        "vim-easy-align": "vim-easy-align",
        "vim-fugitive": "vim-fugitive",
        "vim-go": "vim-go",
        "vim-nix": "vim-nix",
        "vim-nord": "vim-nord",
        "vim-surround": "vim-surround",
        "vim-terraform": "vim-terraform",
        "zsh-autopair": "zsh-autopair",
        "zsh-powerlevel10k": "zsh-powerlevel10k"
      }
    },
    "rust-analyzer-src": {
      "flake": false,
      "locked": {
        "lastModified": 1768083390,
        "narHash": "sha256-TGWPJq2mXwxfAe83iZ18DIqXC4sOSj7RkW9b59h6Ox4=",
        "owner": "rust-lang",
        "repo": "rust-analyzer",
        "rev": "e42e8ff582ba12a88b6845525d08b6428e6d0fb9",
        "type": "github"
      },
      "original": {
        "owner": "rust-lang",
        "ref": "nightly",
        "repo": "rust-analyzer",
        "type": "github"
      }
    },
    "saml2aws": {
      "inputs": {
        "flake-utils": "flake-utils",
        "nixpkgs": [
          "nixpkgs"
        ]
      },
      "locked": {
        "lastModified": 1748335813,
        "narHash": "sha256-TIVX2msRe3eg+kI3qQOAtopqK21HgC+8L+RtZUrffTI=",
        "owner": "devsisters",
        "repo": "saml2aws",
        "rev": "61f0b8c4146888dd709c1e7831a5bdbd10a020b0",
        "type": "github"
      },
      "original": {
        "owner": "devsisters",
        "repo": "saml2aws",
        "type": "github"
      }
    },
    "systems": {
      "locked": {
        "lastModified": 1681028828,
        "narHash": "sha256-Vy1rq5AaRuLzOxct8nz4T6wlgyUR7zLU309k9mBC768=",
        "owner": "nix-systems",
        "repo": "default",
        "rev": "da67096a3b9bf56a91d16901293e51ba5b49a27e",
        "type": "github"
      },
      "original": {
        "owner": "nix-systems",
        "repo": "default",
        "type": "github"
      }
    },
    "systems_2": {
      "locked": {
        "lastModified": 1681028828,
        "narHash": "sha256-Vy1rq5AaRuLzOxct8nz4T6wlgyUR7zLU309k9mBC768=",
        "owner": "nix-systems",
        "repo": "default",
        "rev": "da67096a3b9bf56a91d16901293e51ba5b49a27e",
        "type": "github"
      },
      "original": {
        "owner": "nix-systems",
        "repo": "default",
        "type": "github"
      }
    },
    "vim-commentary": {
      "flake": false,
      "locked": {
        "lastModified": 1729562730,
        "narHash": "sha256-0a45pvYAbMxwN2URFX1lxIFBwWCq46LPai2GnGuL0Uo=",
        "owner": "tpope",
        "repo": "vim-commentary",
        "rev": "64a654ef4a20db1727938338310209b6a63f60c9",
        "type": "github"
      },
      "original": {
        "owner": "tpope",
        "repo": "vim-commentary",
        "type": "github"
      }
    },
    "vim-easy-align": {
      "flake": false,
      "locked": {
        "lastModified": 1712978502,
        "narHash": "sha256-9CfWi83DCzWBARNG6AA0MQllEfQ/3UtYtYPDWLdmDwk=",
        "owner": "junegunn",
        "repo": "vim-easy-align",
        "rev": "9815a55dbcd817784458df7a18acacc6f82b1241",
        "type": "github"
      },
      "original": {
        "owner": "junegunn",
        "repo": "vim-easy-align",
        "type": "github"
      }
    },
    "vim-fugitive": {
      "flake": false,
      "locked": {
        "lastModified": 1752614839,
        "narHash": "sha256-u39oObHCXk8uew5HyVdV1Z69Viilv3B7x1SUJxYXYLo=",
        "owner": "tpope",
        "repo": "vim-fugitive",
        "rev": "61b51c09b7c9ce04e821f6cf76ea4f6f903e3cf4",
        "type": "github"
      },
      "original": {
        "owner": "tpope",
        "repo": "vim-fugitive",
        "type": "github"
      }
    },
    "vim-go": {
      "flake": false,
      "locked": {
        "lastModified": 1762895059,
        "narHash": "sha256-vn2v9tKfSmxSB1HnOTtWM/xHioHkL5fFVgmabiZ5CgI=",
        "owner": "fatih",
        "repo": "vim-go",
        "rev": "dc07b9082fecd47f8ebef5f2684758e570f66377",
        "type": "github"
      },
      "original": {
        "owner": "fatih",
        "repo": "vim-go",
        "type": "github"
      }
    },
    "vim-nix": {
      "flake": false,
      "locked": {
        "lastModified": 1738443453,
        "narHash": "sha256-Hmn8EVlvMQnQF8COeb89cgl5+A83kagOjGsmvm5WNoE=",
        "owner": "LnL7",
        "repo": "vim-nix",
        "rev": "7235c7ce2cea530cb6b59bc3e46d4bfe917d15c8",
        "type": "github"
      },
      "original": {
        "owner": "LnL7",
        "repo": "vim-nix",
        "type": "github"
      }
    },
    "vim-nord": {
      "flake": false,
      "locked": {
        "lastModified": 1683146605,
        "narHash": "sha256-P4fbRNeJjXOoAQiWXXHZhm4ejgMD8W7OkdEF4TpEc7g=",
        "owner": "arcticicestudio",
        "repo": "nord-vim",
        "rev": "f13f5dfbb784deddbc1d8195f34dfd9ec73e2295",
        "type": "github"
      },
      "original": {
        "owner": "arcticicestudio",
        "repo": "nord-vim",
        "type": "github"
      }
    },
    "vim-surround": {
      "flake": false,
      "locked": {
        "lastModified": 1666730476,
        "narHash": "sha256-DZE5tkmnT+lAvx/RQHaDEgEJXRKsy56KJY919xiH1lE=",
        "owner": "tpope",
        "repo": "vim-surround",
        "rev": "3d188ed2113431cf8dac77be61b842acb64433d9",
        "type": "github"
      },
      "original": {
        "owner": "tpope",
        "repo": "vim-surround",
        "type": "github"
      }
    },
    "vim-terraform": {
      "flake": false,
      "locked": {
        "lastModified": 1748114242,
        "narHash": "sha256-MVsAR8lfsgMJHGnJ/ILevB2lrr20IAvetCFOvMVZ9Dk=",
        "owner": "hashivim",
        "repo": "vim-terraform",
        "rev": "520498fab16a3a11f2ae1b8cb65e0a1684bc317a",
        "type": "github"
      },
      "original": {
        "owner": "hashivim",
        "repo": "vim-terraform",
        "type": "github"
      }
    },
    "zsh-autopair": {
      "flake": false,
      "locked": {
        "lastModified": 1572036110,
        "narHash": "sha256-wd/6x2p5QOSFqWYgQ1BTYBUGNR06Pr2viGjV/JqoG8A=",
        "owner": "hlissner",
        "repo": "zsh-autopair",
        "rev": "34a8bca0c18fcf3ab1561caef9790abffc1d3d49",
        "type": "github"
      },
      "original": {
        "owner": "hlissner",
        "repo": "zsh-autopair",
        "rev": "34a8bca0c18fcf3ab1561caef9790abffc1d3d49",
        "type": "github"
      }
    },
    "zsh-powerlevel10k": {
      "flake": false,
      "locked": {
        "lastModified": 1687499067,
        "narHash": "sha256-+hzjSbbrXr0w1rGHm6m2oZ6pfmD6UUDBfPd7uMg5l5c=",
        "owner": "romkatv",
        "repo": "powerlevel10k",
        "rev": "017395a266aa15011c09e64e44a1c98ed91c478c",
        "type": "github"
      },
      "original": {
        "owner": "romkatv",
        "ref": "v1.19.0",
        "repo": "powerlevel10k",
        "type": "github"
      }
    }
  },
  "root": "root",
  "version": 7
}
